
Microsoft Visual Studio Solution File, Format Version 12.00
# Visual Studio Version 16
VisualStudioVersion = 16.0.31605.320
MinimumVisualStudioVersion = 10.0.40219.1
Project("{FAE04EC0-301F-11D3-BF4B-00C04F79EFBC}") = "Explicit_Implicit_Operator", "Explicit_Implicit_Operator\Explicit_Implicit_Operator.csproj", "{EE677F9E-5B7A-4394-AC47-CD03CF87CE6C}"
EndProject
Global
	GlobalSection(SolutionConfigurationPlatforms) = preSolution
		Debug|Any CPU = Debug|Any CPU
		Release|Any CPU = Release|Any CPU
	EndGlobalSection
	GlobalSection(ProjectConfigurationPlatforms) = postSolution
		{EE677F9E-5B7A-4394-AC47-CD03CF87CE6C}.Debug|Any CPU.ActiveCfg = Debug|Any CPU
		{EE677F9E-5B7A-4394-AC47-CD03CF87CE6C}.Debug|Any CPU.Build.0 = Debug|Any CPU
		{EE677F9E-5B7A-4394-AC47-CD03CF87CE6C}.Release|Any CPU.ActiveCfg = Release|Any CPU
		{EE677F9E-5B7A-4394-AC47-CD03CF87CE6C}.Release|Any CPU.Build.0 = Release|Any CPU
	EndGlobalSection
	GlobalSection(SolutionProperties) = preSolution
		HideSolutionNode = FALSE
	EndGlobalSection
	GlobalSection(ExtensibilityGlobals) = postSolution
		SolutionGuid = {1457D843-03E4-4E4D-BB25-267D1A9A178F}
	EndGlobalSection
EndGlobal
